
Microsoft Visual Studio Solution File, Format Version 12.00
# Visual Studio Version 17
VisualStudioVersion = 17.3.32929.385
MinimumVisualStudioVersion = 10.0.40219.1
Project("{FAE04EC0-301F-11D3-BF4B-00C04F79EFBC}") = "Theo_Doi_Chi_Phi", "Theo_Doi_Chi_Phi\Theo_Doi_Chi_Phi.csproj", "{7E217AA7-7ABB-41E6-BF21-98F6E3C53C2D}"
EndProject
Global
	GlobalSection(SolutionConfigurationPlatforms) = preSolution
		Debug|Any CPU = Debug|Any CPU
		Release|Any CPU = Release|Any CPU
	EndGlobalSection
	GlobalSection(ProjectConfigurationPlatforms) = postSolution
		{7E217AA7-7ABB-41E6-BF21-98F6E3C53C2D}.Debug|Any CPU.ActiveCfg = Debug|Any CPU
		{7E217AA7-7ABB-41E6-BF21-98F6E3C53C2D}.Debug|Any CPU.Build.0 = Debug|Any CPU
		{7E217AA7-7ABB-41E6-BF21-98F6E3C53C2D}.Release|Any CPU.ActiveCfg = Release|Any CPU
		{7E217AA7-7ABB-41E6-BF21-98F6E3C53C2D}.Release|Any CPU.Build.0 = Release|Any CPU
	EndGlobalSection
	GlobalSection(SolutionProperties) = preSolution
		HideSolutionNode = FALSE
	EndGlobalSection
	GlobalSection(ExtensibilityGlobals) = postSolution
		SolutionGuid = {E153E5F4-2D8B-4333-B1A8-776B4DA9B03A}
	EndGlobalSection
EndGlobal
