
Microsoft Visual Studio Solution File, Format Version 12.00
# Visual Studio Version 17
VisualStudioVersion = 17.3.32929.385
MinimumVisualStudioVersion = 10.0.40219.1
Project("{FAE04EC0-301F-11D3-BF4B-00C04F79EFBC}") = "ASP.NETCoreIdentityCustom", "ASP.NETCoreIdentityCustom\ASP.NETCoreIdentityCustom.csproj", "{7E7A8190-531F-4E2E-80C4-7A94D03FB5CF}"
EndProject
Global
	GlobalSection(SolutionConfigurationPlatforms) = preSolution
		Debug|Any CPU = Debug|Any CPU
		Release|Any CPU = Release|Any CPU
	EndGlobalSection
	GlobalSection(ProjectConfigurationPlatforms) = postSolution
		{7E7A8190-531F-4E2E-80C4-7A94D03FB5CF}.Debug|Any CPU.ActiveCfg = Debug|Any CPU
		{7E7A8190-531F-4E2E-80C4-7A94D03FB5CF}.Debug|Any CPU.Build.0 = Debug|Any CPU
		{7E7A8190-531F-4E2E-80C4-7A94D03FB5CF}.Release|Any CPU.ActiveCfg = Release|Any CPU
		{7E7A8190-531F-4E2E-80C4-7A94D03FB5CF}.Release|Any CPU.Build.0 = Release|Any CPU
	EndGlobalSection
	GlobalSection(SolutionProperties) = preSolution
		HideSolutionNode = FALSE
	EndGlobalSection
	GlobalSection(ExtensibilityGlobals) = postSolution
		SolutionGuid = {72CF4BAE-A30E-4FD2-9162-823502CA1F9C}
	EndGlobalSection
EndGlobal
