
Microsoft Visual Studio Solution File, Format Version 12.00
# Visual Studio Version 17
VisualStudioVersion = 17.3.32929.385
MinimumVisualStudioVersion = 10.0.40219.1
Project("{FAE04EC0-301F-11D3-BF4B-00C04F79EFBC}") = "HelloWorld", "HelloWorld\HelloWorld.csproj", "{1A9A727B-B1FB-48DC-BC34-8B15E26F273B}"
EndProject
Global
	GlobalSection(SolutionConfigurationPlatforms) = preSolution
		Debug|Any CPU = Debug|Any CPU
		Release|Any CPU = Release|Any CPU
	EndGlobalSection
	GlobalSection(ProjectConfigurationPlatforms) = postSolution
		{1A9A727B-B1FB-48DC-BC34-8B15E26F273B}.Debug|Any CPU.ActiveCfg = Debug|Any CPU
		{1A9A727B-B1FB-48DC-BC34-8B15E26F273B}.Debug|Any CPU.Build.0 = Debug|Any CPU
		{1A9A727B-B1FB-48DC-BC34-8B15E26F273B}.Release|Any CPU.ActiveCfg = Release|Any CPU
		{1A9A727B-B1FB-48DC-BC34-8B15E26F273B}.Release|Any CPU.Build.0 = Release|Any CPU
	EndGlobalSection
	GlobalSection(SolutionProperties) = preSolution
		HideSolutionNode = FALSE
	EndGlobalSection
	GlobalSection(ExtensibilityGlobals) = postSolution
		SolutionGuid = {0ED842BB-0C44-438D-9311-DCF843619584}
	EndGlobalSection
EndGlobal
