
Microsoft Visual Studio Solution File, Format Version 12.00
# Visual Studio Version 17
VisualStudioVersion = 17.3.32929.385
MinimumVisualStudioVersion = 10.0.40219.1
Project("{FAE04EC0-301F-11D3-BF4B-00C04F79EFBC}") = "Example1", "Example1\Example1.csproj", "{2FCC6FEC-7DA6-4B18-9149-6F042ED7C8CE}"
EndProject
Global
	GlobalSection(SolutionConfigurationPlatforms) = preSolution
		Debug|Any CPU = Debug|Any CPU
		Release|Any CPU = Release|Any CPU
	EndGlobalSection
	GlobalSection(ProjectConfigurationPlatforms) = postSolution
		{2FCC6FEC-7DA6-4B18-9149-6F042ED7C8CE}.Debug|Any CPU.ActiveCfg = Debug|Any CPU
		{2FCC6FEC-7DA6-4B18-9149-6F042ED7C8CE}.Debug|Any CPU.Build.0 = Debug|Any CPU
		{2FCC6FEC-7DA6-4B18-9149-6F042ED7C8CE}.Release|Any CPU.ActiveCfg = Release|Any CPU
		{2FCC6FEC-7DA6-4B18-9149-6F042ED7C8CE}.Release|Any CPU.Build.0 = Release|Any CPU
	EndGlobalSection
	GlobalSection(SolutionProperties) = preSolution
		HideSolutionNode = FALSE
	EndGlobalSection
	GlobalSection(ExtensibilityGlobals) = postSolution
		SolutionGuid = {193CFC47-9481-41EC-8847-4B44CCD920A0}
	EndGlobalSection
EndGlobal
