
Microsoft Visual Studio Solution File, Format Version 12.00
# Visual Studio Version 17
VisualStudioVersion = 17.3.32929.385
MinimumVisualStudioVersion = 10.0.40219.1
Project("{FAE04EC0-301F-11D3-BF4B-00C04F79EFBC}") = "ExamCRUD_1", "ExamCRUD_1\ExamCRUD_1.csproj", "{6503345B-F036-49D8-82F7-380E1D6C52F8}"
EndProject
Global
	GlobalSection(SolutionConfigurationPlatforms) = preSolution
		Debug|Any CPU = Debug|Any CPU
		Release|Any CPU = Release|Any CPU
	EndGlobalSection
	GlobalSection(ProjectConfigurationPlatforms) = postSolution
		{6503345B-F036-49D8-82F7-380E1D6C52F8}.Debug|Any CPU.ActiveCfg = Debug|Any CPU
		{6503345B-F036-49D8-82F7-380E1D6C52F8}.Debug|Any CPU.Build.0 = Debug|Any CPU
		{6503345B-F036-49D8-82F7-380E1D6C52F8}.Release|Any CPU.ActiveCfg = Release|Any CPU
		{6503345B-F036-49D8-82F7-380E1D6C52F8}.Release|Any CPU.Build.0 = Release|Any CPU
	EndGlobalSection
	GlobalSection(SolutionProperties) = preSolution
		HideSolutionNode = FALSE
	EndGlobalSection
	GlobalSection(ExtensibilityGlobals) = postSolution
		SolutionGuid = {A90BA77F-58FD-47CC-9755-9D721DB23679}
	EndGlobalSection
EndGlobal
